
Microsoft Visual Studio Solution File, Format Version 12.00
# Visual Studio Version 16
VisualStudioVersion = 16.0.30523.141
MinimumVisualStudioVersion = 10.0.40219.1
Project("{FAE04EC0-301F-11D3-BF4B-00C04F79EFBC}") = "Semana3-Repo.Android", "Semana3-Repo.Android\Semana3-Repo.Android.csproj", "{5C085572-CDF6-4D16-9514-C6CD225D4F3B}"
EndProject
Project("{FAE04EC0-301F-11D3-BF4B-00C04F79EFBC}") = "Semana3-Repo.iOS", "Semana3-Repo.iOS\Semana3-Repo.iOS.csproj", "{A8F18A93-34DC-41EA-A41B-B6050A5DD088}"
EndProject
Project("{FAE04EC0-301F-11D3-BF4B-00C04F79EFBC}") = "Semana3-Repo", "Semana3-Repo\Semana3-Repo.csproj", "{36F0D0A7-12B1-4AA3-A338-373C484D00A7}"
EndProject
Global
	GlobalSection(SolutionConfigurationPlatforms) = preSolution
		Debug|Any CPU = Debug|Any CPU
		Debug|iPhone = Debug|iPhone
		Debug|iPhoneSimulator = Debug|iPhoneSimulator
		Release|Any CPU = Release|Any CPU
		Release|iPhone = Release|iPhone
		Release|iPhoneSimulator = Release|iPhoneSimulator
	EndGlobalSection
	GlobalSection(ProjectConfigurationPlatforms) = postSolution
		{5C085572-CDF6-4D16-9514-C6CD225D4F3B}.Debug|Any CPU.ActiveCfg = Debug|Any CPU
		{5C085572-CDF6-4D16-9514-C6CD225D4F3B}.Debug|Any CPU.Build.0 = Debug|Any CPU
		{5C085572-CDF6-4D16-9514-C6CD225D4F3B}.Debug|Any CPU.Deploy.0 = Debug|Any CPU
		{5C085572-CDF6-4D16-9514-C6CD225D4F3B}.Debug|iPhone.ActiveCfg = Debug|Any CPU
		{5C085572-CDF6-4D16-9514-C6CD225D4F3B}.Debug|iPhone.Build.0 = Debug|Any CPU
		{5C085572-CDF6-4D16-9514-C6CD225D4F3B}.Debug|iPhone.Deploy.0 = Debug|Any CPU
		{5C085572-CDF6-4D16-9514-C6CD225D4F3B}.Debug|iPhoneSimulator.ActiveCfg = Debug|Any CPU
		{5C085572-CDF6-4D16-9514-C6CD225D4F3B}.Debug|iPhoneSimulator.Build.0 = Debug|Any CPU
		{5C085572-CDF6-4D16-9514-C6CD225D4F3B}.Debug|iPhoneSimulator.Deploy.0 = Debug|Any CPU
		{5C085572-CDF6-4D16-9514-C6CD225D4F3B}.Release|Any CPU.ActiveCfg = Release|Any CPU
		{5C085572-CDF6-4D16-9514-C6CD225D4F3B}.Release|Any CPU.Build.0 = Release|Any CPU
		{5C085572-CDF6-4D16-9514-C6CD225D4F3B}.Release|Any CPU.Deploy.0 = Release|Any CPU
		{5C085572-CDF6-4D16-9514-C6CD225D4F3B}.Release|iPhone.ActiveCfg = Release|Any CPU
		{5C085572-CDF6-4D16-9514-C6CD225D4F3B}.Release|iPhone.Build.0 = Release|Any CPU
		{5C085572-CDF6-4D16-9514-C6CD225D4F3B}.Release|iPhone.Deploy.0 = Release|Any CPU
		{5C085572-CDF6-4D16-9514-C6CD225D4F3B}.Release|iPhoneSimulator.ActiveCfg = Release|Any CPU
		{5C085572-CDF6-4D16-9514-C6CD225D4F3B}.Release|iPhoneSimulator.Build.0 = Release|Any CPU
		{5C085572-CDF6-4D16-9514-C6CD225D4F3B}.Release|iPhoneSimulator.Deploy.0 = Release|Any CPU
		{A8F18A93-34DC-41EA-A41B-B6050A5DD088}.Debug|Any CPU.ActiveCfg = Debug|iPhone
		{A8F18A93-34DC-41EA-A41B-B6050A5DD088}.Debug|Any CPU.Build.0 = Debug|iPhone
		{A8F18A93-34DC-41EA-A41B-B6050A5DD088}.Debug|Any CPU.Deploy.0 = Debug|iPhone
		{A8F18A93-34DC-41EA-A41B-B6050A5DD088}.Debug|iPhone.ActiveCfg = Debug|iPhone
		{A8F18A93-34DC-41EA-A41B-B6050A5DD088}.Debug|iPhone.Build.0 = Debug|iPhone
		{A8F18A93-34DC-41EA-A41B-B6050A5DD088}.Debug|iPhone.Deploy.0 = Debug|iPhone
		{A8F18A93-34DC-41EA-A41B-B6050A5DD088}.Debug|iPhoneSimulator.ActiveCfg = Debug|iPhoneSimulator
		{A8F18A93-34DC-41EA-A41B-B6050A5DD088}.Debug|iPhoneSimulator.Build.0 = Debug|iPhoneSimulator
		{A8F18A93-34DC-41EA-A41B-B6050A5DD088}.Debug|iPhoneSimulator.Deploy.0 = Debug|iPhoneSimulator
		{A8F18A93-34DC-41EA-A41B-B6050A5DD088}.Release|Any CPU.ActiveCfg = Release|iPhoneSimulator
		{A8F18A93-34DC-41EA-A41B-B6050A5DD088}.Release|Any CPU.Build.0 = Release|iPhoneSimulator
		{A8F18A93-34DC-41EA-A41B-B6050A5DD088}.Release|Any CPU.Deploy.0 = Release|iPhoneSimulator
		{A8F18A93-34DC-41EA-A41B-B6050A5DD088}.Release|iPhone.ActiveCfg = Release|iPhone
		{A8F18A93-34DC-41EA-A41B-B6050A5DD088}.Release|iPhone.Build.0 = Release|iPhone
		{A8F18A93-34DC-41EA-A41B-B6050A5DD088}.Release|iPhone.Deploy.0 = Release|iPhone
		{A8F18A93-34DC-41EA-A41B-B6050A5DD088}.Release|iPhoneSimulator.ActiveCfg = Release|iPhoneSimulator
		{A8F18A93-34DC-41EA-A41B-B6050A5DD088}.Release|iPhoneSimulator.Build.0 = Release|iPhoneSimulator
		{A8F18A93-34DC-41EA-A41B-B6050A5DD088}.Release|iPhoneSimulator.Deploy.0 = Release|iPhoneSimulator
		{36F0D0A7-12B1-4AA3-A338-373C484D00A7}.Debug|Any CPU.ActiveCfg = Debug|Any CPU
		{36F0D0A7-12B1-4AA3-A338-373C484D00A7}.Debug|Any CPU.Build.0 = Debug|Any CPU
		{36F0D0A7-12B1-4AA3-A338-373C484D00A7}.Debug|Any CPU.Deploy.0 = Debug|Any CPU
		{36F0D0A7-12B1-4AA3-A338-373C484D00A7}.Debug|iPhone.ActiveCfg = Debug|Any CPU
		{36F0D0A7-12B1-4AA3-A338-373C484D00A7}.Debug|iPhone.Build.0 = Debug|Any CPU
		{36F0D0A7-12B1-4AA3-A338-373C484D00A7}.Debug|iPhone.Deploy.0 = Debug|Any CPU
		{36F0D0A7-12B1-4AA3-A338-373C484D00A7}.Debug|iPhoneSimulator.ActiveCfg = Debug|Any CPU
		{36F0D0A7-12B1-4AA3-A338-373C484D00A7}.Debug|iPhoneSimulator.Build.0 = Debug|Any CPU
		{36F0D0A7-12B1-4AA3-A338-373C484D00A7}.Debug|iPhoneSimulator.Deploy.0 = Debug|Any CPU
		{36F0D0A7-12B1-4AA3-A338-373C484D00A7}.Release|Any CPU.ActiveCfg = Release|Any CPU
		{36F0D0A7-12B1-4AA3-A338-373C484D00A7}.Release|Any CPU.Build.0 = Release|Any CPU
		{36F0D0A7-12B1-4AA3-A338-373C484D00A7}.Release|Any CPU.Deploy.0 = Release|Any CPU
		{36F0D0A7-12B1-4AA3-A338-373C484D00A7}.Release|iPhone.ActiveCfg = Release|Any CPU
		{36F0D0A7-12B1-4AA3-A338-373C484D00A7}.Release|iPhone.Build.0 = Release|Any CPU
		{36F0D0A7-12B1-4AA3-A338-373C484D00A7}.Release|iPhone.Deploy.0 = Release|Any CPU
		{36F0D0A7-12B1-4AA3-A338-373C484D00A7}.Release|iPhoneSimulator.ActiveCfg = Release|Any CPU
		{36F0D0A7-12B1-4AA3-A338-373C484D00A7}.Release|iPhoneSimulator.Build.0 = Release|Any CPU
		{36F0D0A7-12B1-4AA3-A338-373C484D00A7}.Release|iPhoneSimulator.Deploy.0 = Release|Any CPU
	EndGlobalSection
	GlobalSection(SolutionProperties) = preSolution
		HideSolutionNode = FALSE
	EndGlobalSection
	GlobalSection(ExtensibilityGlobals) = postSolution
		SolutionGuid = {05F96D0C-E5B1-4B8D-B522-F35B1EBEBAAB}
	EndGlobalSection
EndGlobal
