
Microsoft Visual Studio Solution File, Format Version 12.00
# Visual Studio Version 16
VisualStudioVersion = 16.0.30523.141
MinimumVisualStudioVersion = 10.0.40219.1
Project("{FAE04EC0-301F-11D3-BF4B-00C04F79EFBC}") = "test.Android", "test\test.Android\test.Android.csproj", "{7995035F-2C5B-44BD-A55F-AB789DB6F2E6}"
EndProject
Project("{FAE04EC0-301F-11D3-BF4B-00C04F79EFBC}") = "test.iOS", "test\test.iOS\test.iOS.csproj", "{263BCE87-5FA1-4690-A9B4-293642F68B94}"
EndProject
Project("{FAE04EC0-301F-11D3-BF4B-00C04F79EFBC}") = "test", "test\test\test.csproj", "{83A3A618-A5D1-4431-994B-E7165F31B6D5}"
EndProject
Global
	GlobalSection(SolutionConfigurationPlatforms) = preSolution
		Debug|Any CPU = Debug|Any CPU
		Debug|iPhone = Debug|iPhone
		Debug|iPhoneSimulator = Debug|iPhoneSimulator
		Release|Any CPU = Release|Any CPU
		Release|iPhone = Release|iPhone
		Release|iPhoneSimulator = Release|iPhoneSimulator
	EndGlobalSection
	GlobalSection(ProjectConfigurationPlatforms) = postSolution
		{7995035F-2C5B-44BD-A55F-AB789DB6F2E6}.Debug|Any CPU.ActiveCfg = Debug|Any CPU
		{7995035F-2C5B-44BD-A55F-AB789DB6F2E6}.Debug|Any CPU.Build.0 = Debug|Any CPU
		{7995035F-2C5B-44BD-A55F-AB789DB6F2E6}.Debug|Any CPU.Deploy.0 = Debug|Any CPU
		{7995035F-2C5B-44BD-A55F-AB789DB6F2E6}.Debug|iPhone.ActiveCfg = Debug|Any CPU
		{7995035F-2C5B-44BD-A55F-AB789DB6F2E6}.Debug|iPhone.Build.0 = Debug|Any CPU
		{7995035F-2C5B-44BD-A55F-AB789DB6F2E6}.Debug|iPhone.Deploy.0 = Debug|Any CPU
		{7995035F-2C5B-44BD-A55F-AB789DB6F2E6}.Debug|iPhoneSimulator.ActiveCfg = Debug|Any CPU
		{7995035F-2C5B-44BD-A55F-AB789DB6F2E6}.Debug|iPhoneSimulator.Build.0 = Debug|Any CPU
		{7995035F-2C5B-44BD-A55F-AB789DB6F2E6}.Debug|iPhoneSimulator.Deploy.0 = Debug|Any CPU
		{7995035F-2C5B-44BD-A55F-AB789DB6F2E6}.Release|Any CPU.ActiveCfg = Release|Any CPU
		{7995035F-2C5B-44BD-A55F-AB789DB6F2E6}.Release|Any CPU.Build.0 = Release|Any CPU
		{7995035F-2C5B-44BD-A55F-AB789DB6F2E6}.Release|Any CPU.Deploy.0 = Release|Any CPU
		{7995035F-2C5B-44BD-A55F-AB789DB6F2E6}.Release|iPhone.ActiveCfg = Release|Any CPU
		{7995035F-2C5B-44BD-A55F-AB789DB6F2E6}.Release|iPhone.Build.0 = Release|Any CPU
		{7995035F-2C5B-44BD-A55F-AB789DB6F2E6}.Release|iPhone.Deploy.0 = Release|Any CPU
		{7995035F-2C5B-44BD-A55F-AB789DB6F2E6}.Release|iPhoneSimulator.ActiveCfg = Release|Any CPU
		{7995035F-2C5B-44BD-A55F-AB789DB6F2E6}.Release|iPhoneSimulator.Build.0 = Release|Any CPU
		{7995035F-2C5B-44BD-A55F-AB789DB6F2E6}.Release|iPhoneSimulator.Deploy.0 = Release|Any CPU
		{263BCE87-5FA1-4690-A9B4-293642F68B94}.Debug|Any CPU.ActiveCfg = Debug|iPhone
		{263BCE87-5FA1-4690-A9B4-293642F68B94}.Debug|Any CPU.Build.0 = Debug|iPhone
		{263BCE87-5FA1-4690-A9B4-293642F68B94}.Debug|Any CPU.Deploy.0 = Debug|iPhone
		{263BCE87-5FA1-4690-A9B4-293642F68B94}.Debug|iPhone.ActiveCfg = Debug|iPhone
		{263BCE87-5FA1-4690-A9B4-293642F68B94}.Debug|iPhone.Build.0 = Debug|iPhone
		{263BCE87-5FA1-4690-A9B4-293642F68B94}.Debug|iPhone.Deploy.0 = Debug|iPhone
		{263BCE87-5FA1-4690-A9B4-293642F68B94}.Debug|iPhoneSimulator.ActiveCfg = Debug|iPhoneSimulator
		{263BCE87-5FA1-4690-A9B4-293642F68B94}.Debug|iPhoneSimulator.Build.0 = Debug|iPhoneSimulator
		{263BCE87-5FA1-4690-A9B4-293642F68B94}.Debug|iPhoneSimulator.Deploy.0 = Debug|iPhoneSimulator
		{263BCE87-5FA1-4690-A9B4-293642F68B94}.Release|Any CPU.ActiveCfg = Release|iPhoneSimulator
		{263BCE87-5FA1-4690-A9B4-293642F68B94}.Release|Any CPU.Build.0 = Release|iPhoneSimulator
		{263BCE87-5FA1-4690-A9B4-293642F68B94}.Release|Any CPU.Deploy.0 = Release|iPhoneSimulator
		{263BCE87-5FA1-4690-A9B4-293642F68B94}.Release|iPhone.ActiveCfg = Release|iPhone
		{263BCE87-5FA1-4690-A9B4-293642F68B94}.Release|iPhone.Build.0 = Release|iPhone
		{263BCE87-5FA1-4690-A9B4-293642F68B94}.Release|iPhone.Deploy.0 = Release|iPhone
		{263BCE87-5FA1-4690-A9B4-293642F68B94}.Release|iPhoneSimulator.ActiveCfg = Release|iPhoneSimulator
		{263BCE87-5FA1-4690-A9B4-293642F68B94}.Release|iPhoneSimulator.Build.0 = Release|iPhoneSimulator
		{263BCE87-5FA1-4690-A9B4-293642F68B94}.Release|iPhoneSimulator.Deploy.0 = Release|iPhoneSimulator
		{83A3A618-A5D1-4431-994B-E7165F31B6D5}.Debug|Any CPU.ActiveCfg = Debug|Any CPU
		{83A3A618-A5D1-4431-994B-E7165F31B6D5}.Debug|Any CPU.Build.0 = Debug|Any CPU
		{83A3A618-A5D1-4431-994B-E7165F31B6D5}.Debug|Any CPU.Deploy.0 = Debug|Any CPU
		{83A3A618-A5D1-4431-994B-E7165F31B6D5}.Debug|iPhone.ActiveCfg = Debug|Any CPU
		{83A3A618-A5D1-4431-994B-E7165F31B6D5}.Debug|iPhone.Build.0 = Debug|Any CPU
		{83A3A618-A5D1-4431-994B-E7165F31B6D5}.Debug|iPhone.Deploy.0 = Debug|Any CPU
		{83A3A618-A5D1-4431-994B-E7165F31B6D5}.Debug|iPhoneSimulator.ActiveCfg = Debug|Any CPU
		{83A3A618-A5D1-4431-994B-E7165F31B6D5}.Debug|iPhoneSimulator.Build.0 = Debug|Any CPU
		{83A3A618-A5D1-4431-994B-E7165F31B6D5}.Debug|iPhoneSimulator.Deploy.0 = Debug|Any CPU
		{83A3A618-A5D1-4431-994B-E7165F31B6D5}.Release|Any CPU.ActiveCfg = Release|Any CPU
		{83A3A618-A5D1-4431-994B-E7165F31B6D5}.Release|Any CPU.Build.0 = Release|Any CPU
		{83A3A618-A5D1-4431-994B-E7165F31B6D5}.Release|Any CPU.Deploy.0 = Release|Any CPU
		{83A3A618-A5D1-4431-994B-E7165F31B6D5}.Release|iPhone.ActiveCfg = Release|Any CPU
		{83A3A618-A5D1-4431-994B-E7165F31B6D5}.Release|iPhone.Build.0 = Release|Any CPU
		{83A3A618-A5D1-4431-994B-E7165F31B6D5}.Release|iPhone.Deploy.0 = Release|Any CPU
		{83A3A618-A5D1-4431-994B-E7165F31B6D5}.Release|iPhoneSimulator.ActiveCfg = Release|Any CPU
		{83A3A618-A5D1-4431-994B-E7165F31B6D5}.Release|iPhoneSimulator.Build.0 = Release|Any CPU
		{83A3A618-A5D1-4431-994B-E7165F31B6D5}.Release|iPhoneSimulator.Deploy.0 = Release|Any CPU
	EndGlobalSection
	GlobalSection(SolutionProperties) = preSolution
		HideSolutionNode = FALSE
	EndGlobalSection
	GlobalSection(ExtensibilityGlobals) = postSolution
		SolutionGuid = {B604D011-33B6-4F6A-98F8-938AE48A959B}
	EndGlobalSection
EndGlobal
