
Microsoft Visual Studio Solution File, Format Version 12.00
# Visual Studio Version 16
VisualStudioVersion = 16.0.30523.141
MinimumVisualStudioVersion = 10.0.40219.1
Project("{FAE04EC0-301F-11D3-BF4B-00C04F79EFBC}") = "promedionotasArogel.Android", "promedionotasArogel\promedionotasArogel.Android\promedionotasArogel.Android.csproj", "{B4830FA7-3A5D-4308-B12F-C394B8B2291D}"
EndProject
Project("{FAE04EC0-301F-11D3-BF4B-00C04F79EFBC}") = "promedionotasArogel.iOS", "promedionotasArogel\promedionotasArogel.iOS\promedionotasArogel.iOS.csproj", "{367EAAFD-5EE7-49AF-8CAB-64362BA60C24}"
EndProject
Global
	GlobalSection(SolutionConfigurationPlatforms) = preSolution
		Debug|Any CPU = Debug|Any CPU
		Debug|iPhone = Debug|iPhone
		Debug|iPhoneSimulator = Debug|iPhoneSimulator
		Release|Any CPU = Release|Any CPU
		Release|iPhone = Release|iPhone
		Release|iPhoneSimulator = Release|iPhoneSimulator
	EndGlobalSection
	GlobalSection(ProjectConfigurationPlatforms) = postSolution
		{B4830FA7-3A5D-4308-B12F-C394B8B2291D}.Debug|Any CPU.ActiveCfg = Debug|Any CPU
		{B4830FA7-3A5D-4308-B12F-C394B8B2291D}.Debug|Any CPU.Build.0 = Debug|Any CPU
		{B4830FA7-3A5D-4308-B12F-C394B8B2291D}.Debug|Any CPU.Deploy.0 = Debug|Any CPU
		{B4830FA7-3A5D-4308-B12F-C394B8B2291D}.Debug|iPhone.ActiveCfg = Debug|Any CPU
		{B4830FA7-3A5D-4308-B12F-C394B8B2291D}.Debug|iPhone.Build.0 = Debug|Any CPU
		{B4830FA7-3A5D-4308-B12F-C394B8B2291D}.Debug|iPhone.Deploy.0 = Debug|Any CPU
		{B4830FA7-3A5D-4308-B12F-C394B8B2291D}.Debug|iPhoneSimulator.ActiveCfg = Debug|Any CPU
		{B4830FA7-3A5D-4308-B12F-C394B8B2291D}.Debug|iPhoneSimulator.Build.0 = Debug|Any CPU
		{B4830FA7-3A5D-4308-B12F-C394B8B2291D}.Debug|iPhoneSimulator.Deploy.0 = Debug|Any CPU
		{B4830FA7-3A5D-4308-B12F-C394B8B2291D}.Release|Any CPU.ActiveCfg = Release|Any CPU
		{B4830FA7-3A5D-4308-B12F-C394B8B2291D}.Release|Any CPU.Build.0 = Release|Any CPU
		{B4830FA7-3A5D-4308-B12F-C394B8B2291D}.Release|Any CPU.Deploy.0 = Release|Any CPU
		{B4830FA7-3A5D-4308-B12F-C394B8B2291D}.Release|iPhone.ActiveCfg = Release|Any CPU
		{B4830FA7-3A5D-4308-B12F-C394B8B2291D}.Release|iPhone.Build.0 = Release|Any CPU
		{B4830FA7-3A5D-4308-B12F-C394B8B2291D}.Release|iPhone.Deploy.0 = Release|Any CPU
		{B4830FA7-3A5D-4308-B12F-C394B8B2291D}.Release|iPhoneSimulator.ActiveCfg = Release|Any CPU
		{B4830FA7-3A5D-4308-B12F-C394B8B2291D}.Release|iPhoneSimulator.Build.0 = Release|Any CPU
		{B4830FA7-3A5D-4308-B12F-C394B8B2291D}.Release|iPhoneSimulator.Deploy.0 = Release|Any CPU
		{367EAAFD-5EE7-49AF-8CAB-64362BA60C24}.Debug|Any CPU.ActiveCfg = Debug|iPhone
		{367EAAFD-5EE7-49AF-8CAB-64362BA60C24}.Debug|Any CPU.Build.0 = Debug|iPhone
		{367EAAFD-5EE7-49AF-8CAB-64362BA60C24}.Debug|Any CPU.Deploy.0 = Debug|iPhone
		{367EAAFD-5EE7-49AF-8CAB-64362BA60C24}.Debug|iPhone.ActiveCfg = Debug|iPhone
		{367EAAFD-5EE7-49AF-8CAB-64362BA60C24}.Debug|iPhone.Build.0 = Debug|iPhone
		{367EAAFD-5EE7-49AF-8CAB-64362BA60C24}.Debug|iPhone.Deploy.0 = Debug|iPhone
		{367EAAFD-5EE7-49AF-8CAB-64362BA60C24}.Debug|iPhoneSimulator.ActiveCfg = Debug|iPhoneSimulator
		{367EAAFD-5EE7-49AF-8CAB-64362BA60C24}.Debug|iPhoneSimulator.Build.0 = Debug|iPhoneSimulator
		{367EAAFD-5EE7-49AF-8CAB-64362BA60C24}.Debug|iPhoneSimulator.Deploy.0 = Debug|iPhoneSimulator
		{367EAAFD-5EE7-49AF-8CAB-64362BA60C24}.Release|Any CPU.ActiveCfg = Release|iPhoneSimulator
		{367EAAFD-5EE7-49AF-8CAB-64362BA60C24}.Release|Any CPU.Build.0 = Release|iPhoneSimulator
		{367EAAFD-5EE7-49AF-8CAB-64362BA60C24}.Release|Any CPU.Deploy.0 = Release|iPhoneSimulator
		{367EAAFD-5EE7-49AF-8CAB-64362BA60C24}.Release|iPhone.ActiveCfg = Release|iPhone
		{367EAAFD-5EE7-49AF-8CAB-64362BA60C24}.Release|iPhone.Build.0 = Release|iPhone
		{367EAAFD-5EE7-49AF-8CAB-64362BA60C24}.Release|iPhone.Deploy.0 = Release|iPhone
		{367EAAFD-5EE7-49AF-8CAB-64362BA60C24}.Release|iPhoneSimulator.ActiveCfg = Release|iPhoneSimulator
		{367EAAFD-5EE7-49AF-8CAB-64362BA60C24}.Release|iPhoneSimulator.Build.0 = Release|iPhoneSimulator
		{367EAAFD-5EE7-49AF-8CAB-64362BA60C24}.Release|iPhoneSimulator.Deploy.0 = Release|iPhoneSimulator
	EndGlobalSection
	GlobalSection(SolutionProperties) = preSolution
		HideSolutionNode = FALSE
	EndGlobalSection
	GlobalSection(ExtensibilityGlobals) = postSolution
		SolutionGuid = {99DAFBE0-DBC3-4976-98AF-ED0A96493ABF}
	EndGlobalSection
EndGlobal
