
Microsoft Visual Studio Solution File, Format Version 12.00
# Visual Studio Version 16
VisualStudioVersion = 16.0.30611.23
MinimumVisualStudioVersion = 10.0.40219.1
Project("{FAE04EC0-301F-11D3-BF4B-00C04F79EFBC}") = "AppAlfredoNota.Android", "AppAlfredoNota\AppAlfredoNota.Android\AppAlfredoNota.Android.csproj", "{5CE25439-DC47-4938-A030-29BCD83D1790}"
EndProject
Project("{FAE04EC0-301F-11D3-BF4B-00C04F79EFBC}") = "AppAlfredoNota.iOS", "AppAlfredoNota\AppAlfredoNota.iOS\AppAlfredoNota.iOS.csproj", "{09D792BE-D34E-4DB8-A353-CB64C13C457F}"
EndProject
Project("{FAE04EC0-301F-11D3-BF4B-00C04F79EFBC}") = "AppAlfredoNota", "AppAlfredoNota\AppAlfredoNota\AppAlfredoNota.csproj", "{EB1A2D3F-8468-4E2C-A497-1E490547B5B4}"
EndProject
Global
	GlobalSection(SolutionConfigurationPlatforms) = preSolution
		Debug|Any CPU = Debug|Any CPU
		Debug|iPhone = Debug|iPhone
		Debug|iPhoneSimulator = Debug|iPhoneSimulator
		Release|Any CPU = Release|Any CPU
		Release|iPhone = Release|iPhone
		Release|iPhoneSimulator = Release|iPhoneSimulator
	EndGlobalSection
	GlobalSection(ProjectConfigurationPlatforms) = postSolution
		{5CE25439-DC47-4938-A030-29BCD83D1790}.Debug|Any CPU.ActiveCfg = Debug|Any CPU
		{5CE25439-DC47-4938-A030-29BCD83D1790}.Debug|Any CPU.Build.0 = Debug|Any CPU
		{5CE25439-DC47-4938-A030-29BCD83D1790}.Debug|Any CPU.Deploy.0 = Debug|Any CPU
		{5CE25439-DC47-4938-A030-29BCD83D1790}.Debug|iPhone.ActiveCfg = Debug|Any CPU
		{5CE25439-DC47-4938-A030-29BCD83D1790}.Debug|iPhone.Build.0 = Debug|Any CPU
		{5CE25439-DC47-4938-A030-29BCD83D1790}.Debug|iPhone.Deploy.0 = Debug|Any CPU
		{5CE25439-DC47-4938-A030-29BCD83D1790}.Debug|iPhoneSimulator.ActiveCfg = Debug|Any CPU
		{5CE25439-DC47-4938-A030-29BCD83D1790}.Debug|iPhoneSimulator.Build.0 = Debug|Any CPU
		{5CE25439-DC47-4938-A030-29BCD83D1790}.Debug|iPhoneSimulator.Deploy.0 = Debug|Any CPU
		{5CE25439-DC47-4938-A030-29BCD83D1790}.Release|Any CPU.ActiveCfg = Release|Any CPU
		{5CE25439-DC47-4938-A030-29BCD83D1790}.Release|Any CPU.Build.0 = Release|Any CPU
		{5CE25439-DC47-4938-A030-29BCD83D1790}.Release|Any CPU.Deploy.0 = Release|Any CPU
		{5CE25439-DC47-4938-A030-29BCD83D1790}.Release|iPhone.ActiveCfg = Release|Any CPU
		{5CE25439-DC47-4938-A030-29BCD83D1790}.Release|iPhone.Build.0 = Release|Any CPU
		{5CE25439-DC47-4938-A030-29BCD83D1790}.Release|iPhone.Deploy.0 = Release|Any CPU
		{5CE25439-DC47-4938-A030-29BCD83D1790}.Release|iPhoneSimulator.ActiveCfg = Release|Any CPU
		{5CE25439-DC47-4938-A030-29BCD83D1790}.Release|iPhoneSimulator.Build.0 = Release|Any CPU
		{5CE25439-DC47-4938-A030-29BCD83D1790}.Release|iPhoneSimulator.Deploy.0 = Release|Any CPU
		{09D792BE-D34E-4DB8-A353-CB64C13C457F}.Debug|Any CPU.ActiveCfg = Debug|iPhone
		{09D792BE-D34E-4DB8-A353-CB64C13C457F}.Debug|Any CPU.Build.0 = Debug|iPhone
		{09D792BE-D34E-4DB8-A353-CB64C13C457F}.Debug|Any CPU.Deploy.0 = Debug|iPhone
		{09D792BE-D34E-4DB8-A353-CB64C13C457F}.Debug|iPhone.ActiveCfg = Debug|iPhone
		{09D792BE-D34E-4DB8-A353-CB64C13C457F}.Debug|iPhone.Build.0 = Debug|iPhone
		{09D792BE-D34E-4DB8-A353-CB64C13C457F}.Debug|iPhone.Deploy.0 = Debug|iPhone
		{09D792BE-D34E-4DB8-A353-CB64C13C457F}.Debug|iPhoneSimulator.ActiveCfg = Debug|iPhoneSimulator
		{09D792BE-D34E-4DB8-A353-CB64C13C457F}.Debug|iPhoneSimulator.Build.0 = Debug|iPhoneSimulator
		{09D792BE-D34E-4DB8-A353-CB64C13C457F}.Debug|iPhoneSimulator.Deploy.0 = Debug|iPhoneSimulator
		{09D792BE-D34E-4DB8-A353-CB64C13C457F}.Release|Any CPU.ActiveCfg = Release|iPhoneSimulator
		{09D792BE-D34E-4DB8-A353-CB64C13C457F}.Release|Any CPU.Build.0 = Release|iPhoneSimulator
		{09D792BE-D34E-4DB8-A353-CB64C13C457F}.Release|Any CPU.Deploy.0 = Release|iPhoneSimulator
		{09D792BE-D34E-4DB8-A353-CB64C13C457F}.Release|iPhone.ActiveCfg = Release|iPhone
		{09D792BE-D34E-4DB8-A353-CB64C13C457F}.Release|iPhone.Build.0 = Release|iPhone
		{09D792BE-D34E-4DB8-A353-CB64C13C457F}.Release|iPhone.Deploy.0 = Release|iPhone
		{09D792BE-D34E-4DB8-A353-CB64C13C457F}.Release|iPhoneSimulator.ActiveCfg = Release|iPhoneSimulator
		{09D792BE-D34E-4DB8-A353-CB64C13C457F}.Release|iPhoneSimulator.Build.0 = Release|iPhoneSimulator
		{09D792BE-D34E-4DB8-A353-CB64C13C457F}.Release|iPhoneSimulator.Deploy.0 = Release|iPhoneSimulator
		{EB1A2D3F-8468-4E2C-A497-1E490547B5B4}.Debug|Any CPU.ActiveCfg = Debug|Any CPU
		{EB1A2D3F-8468-4E2C-A497-1E490547B5B4}.Debug|Any CPU.Build.0 = Debug|Any CPU
		{EB1A2D3F-8468-4E2C-A497-1E490547B5B4}.Debug|Any CPU.Deploy.0 = Debug|Any CPU
		{EB1A2D3F-8468-4E2C-A497-1E490547B5B4}.Debug|iPhone.ActiveCfg = Debug|Any CPU
		{EB1A2D3F-8468-4E2C-A497-1E490547B5B4}.Debug|iPhone.Build.0 = Debug|Any CPU
		{EB1A2D3F-8468-4E2C-A497-1E490547B5B4}.Debug|iPhone.Deploy.0 = Debug|Any CPU
		{EB1A2D3F-8468-4E2C-A497-1E490547B5B4}.Debug|iPhoneSimulator.ActiveCfg = Debug|Any CPU
		{EB1A2D3F-8468-4E2C-A497-1E490547B5B4}.Debug|iPhoneSimulator.Build.0 = Debug|Any CPU
		{EB1A2D3F-8468-4E2C-A497-1E490547B5B4}.Debug|iPhoneSimulator.Deploy.0 = Debug|Any CPU
		{EB1A2D3F-8468-4E2C-A497-1E490547B5B4}.Release|Any CPU.ActiveCfg = Release|Any CPU
		{EB1A2D3F-8468-4E2C-A497-1E490547B5B4}.Release|Any CPU.Build.0 = Release|Any CPU
		{EB1A2D3F-8468-4E2C-A497-1E490547B5B4}.Release|Any CPU.Deploy.0 = Release|Any CPU
		{EB1A2D3F-8468-4E2C-A497-1E490547B5B4}.Release|iPhone.ActiveCfg = Release|Any CPU
		{EB1A2D3F-8468-4E2C-A497-1E490547B5B4}.Release|iPhone.Build.0 = Release|Any CPU
		{EB1A2D3F-8468-4E2C-A497-1E490547B5B4}.Release|iPhone.Deploy.0 = Release|Any CPU
		{EB1A2D3F-8468-4E2C-A497-1E490547B5B4}.Release|iPhoneSimulator.ActiveCfg = Release|Any CPU
		{EB1A2D3F-8468-4E2C-A497-1E490547B5B4}.Release|iPhoneSimulator.Build.0 = Release|Any CPU
		{EB1A2D3F-8468-4E2C-A497-1E490547B5B4}.Release|iPhoneSimulator.Deploy.0 = Release|Any CPU
	EndGlobalSection
	GlobalSection(SolutionProperties) = preSolution
		HideSolutionNode = FALSE
	EndGlobalSection
	GlobalSection(ExtensibilityGlobals) = postSolution
		SolutionGuid = {E7B89F7D-E73F-4468-A172-B30974427573}
	EndGlobalSection
EndGlobal
