
Microsoft Visual Studio Solution File, Format Version 12.00
# Visual Studio Version 16
VisualStudioVersion = 16.0.30523.141
MinimumVisualStudioVersion = 10.0.40219.1
Project("{FAE04EC0-301F-11D3-BF4B-00C04F79EFBC}") = "PromedioDubi.Android", "PromedioDubi.Android\PromedioDubi.Android.csproj", "{D1463045-1345-4591-84CD-6F2A3D05AB02}"
EndProject
Project("{FAE04EC0-301F-11D3-BF4B-00C04F79EFBC}") = "PromedioDubi", "PromedioDubi\PromedioDubi.csproj", "{D659AB5B-ECD2-4539-BAA0-FDC8B0133A8B}"
EndProject
Global
	GlobalSection(SolutionConfigurationPlatforms) = preSolution
		Debug|Any CPU = Debug|Any CPU
		Release|Any CPU = Release|Any CPU
	EndGlobalSection
	GlobalSection(ProjectConfigurationPlatforms) = postSolution
		{D1463045-1345-4591-84CD-6F2A3D05AB02}.Debug|Any CPU.ActiveCfg = Debug|Any CPU
		{D1463045-1345-4591-84CD-6F2A3D05AB02}.Debug|Any CPU.Build.0 = Debug|Any CPU
		{D1463045-1345-4591-84CD-6F2A3D05AB02}.Debug|Any CPU.Deploy.0 = Debug|Any CPU
		{D1463045-1345-4591-84CD-6F2A3D05AB02}.Release|Any CPU.ActiveCfg = Release|Any CPU
		{D1463045-1345-4591-84CD-6F2A3D05AB02}.Release|Any CPU.Build.0 = Release|Any CPU
		{D1463045-1345-4591-84CD-6F2A3D05AB02}.Release|Any CPU.Deploy.0 = Release|Any CPU
		{D659AB5B-ECD2-4539-BAA0-FDC8B0133A8B}.Debug|Any CPU.ActiveCfg = Debug|Any CPU
		{D659AB5B-ECD2-4539-BAA0-FDC8B0133A8B}.Debug|Any CPU.Build.0 = Debug|Any CPU
		{D659AB5B-ECD2-4539-BAA0-FDC8B0133A8B}.Debug|Any CPU.Deploy.0 = Debug|Any CPU
		{D659AB5B-ECD2-4539-BAA0-FDC8B0133A8B}.Release|Any CPU.ActiveCfg = Release|Any CPU
		{D659AB5B-ECD2-4539-BAA0-FDC8B0133A8B}.Release|Any CPU.Build.0 = Release|Any CPU
		{D659AB5B-ECD2-4539-BAA0-FDC8B0133A8B}.Release|Any CPU.Deploy.0 = Release|Any CPU
	EndGlobalSection
	GlobalSection(SolutionProperties) = preSolution
		HideSolutionNode = FALSE
	EndGlobalSection
	GlobalSection(ExtensibilityGlobals) = postSolution
		SolutionGuid = {9B77A081-2319-4B1C-90C6-B8458C2A3B7A}
	EndGlobalSection
EndGlobal
